
Microsoft Visual Studio Solution File, Format Version 12.00
# Visual Studio Version 17
VisualStudioVersion = 17.0.31903.59
MinimumVisualStudioVersion = 10.0.40219.1
Project("{2150E333-8FDC-42A3-9474-1A3956D46DE8}") = "simulator", "simulator", "{4F265677-6882-DD8A-52B2-C9B4EE0AB754}"
EndProject
Project("{FAE04EC0-301F-11D3-BF4B-00C04F79EFBC}") = "SkyNet.Simulator.Core", "simulator\SkyNet.Simulator.Core\SkyNet.Simulator.Core.csproj", "{BBADB01B-D49C-4AFC-887D-3E7EF4E54476}"
EndProject
Project("{FAE04EC0-301F-11D3-BF4B-00C04F79EFBC}") = "SkyNet.Simulator.Cli", "simulator\SkyNet.Simulator.Cli\SkyNet.Simulator.Cli.csproj", "{0C2E6374-0675-4522-BA32-FCCD2704B3D0}"
EndProject
Project("{FAE04EC0-301F-11D3-BF4B-00C04F79EFBC}") = "SkyNet.Simulator.Tests", "simulator\SkyNet.Simulator.Tests\SkyNet.Simulator.Tests.csproj", "{953A6F43-2DED-4FC2-A227-B31BFD16CCD5}"
EndProject
Project("{FAE04EC0-301F-11D3-BF4B-00C04F79EFBC}") = "SkyNet.Simulator.Contracts", "simulator\SkyNet.Simulator.Contracts\SkyNet.Simulator.Contracts.csproj", "{90132AD4-BBB3-4435-9BDD-43FE0D185C9B}"
EndProject
Project("{FAE04EC0-301F-11D3-BF4B-00C04F79EFBC}") = "SkyNet.Simulator.Daemon", "simulator\SkyNet.Simulator.Daemon\SkyNet.Simulator.Daemon.csproj", "{901FEF97-C108-4111-A457-5F46ED117969}"
EndProject
Project("{FAE04EC0-301F-11D3-BF4B-00C04F79EFBC}") = "SkyNet.Simulator.Dashboard", "simulator\SkyNet.Simulator.Dashboard\SkyNet.Simulator.Dashboard.csproj", "{517B1F9B-62AF-489A-8B74-DA50DD157BA3}"
EndProject
Global
	GlobalSection(SolutionConfigurationPlatforms) = preSolution
		Debug|Any CPU = Debug|Any CPU
		Debug|x64 = Debug|x64
		Debug|x86 = Debug|x86
		Release|Any CPU = Release|Any CPU
		Release|x64 = Release|x64
		Release|x86 = Release|x86
	EndGlobalSection
	GlobalSection(ProjectConfigurationPlatforms) = postSolution
		{BBADB01B-D49C-4AFC-887D-3E7EF4E54476}.Debug|Any CPU.ActiveCfg = Debug|Any CPU
		{BBADB01B-D49C-4AFC-887D-3E7EF4E54476}.Debug|Any CPU.Build.0 = Debug|Any CPU
		{BBADB01B-D49C-4AFC-887D-3E7EF4E54476}.Debug|x64.ActiveCfg = Debug|Any CPU
		{BBADB01B-D49C-4AFC-887D-3E7EF4E54476}.Debug|x64.Build.0 = Debug|Any CPU
		{BBADB01B-D49C-4AFC-887D-3E7EF4E54476}.Debug|x86.ActiveCfg = Debug|Any CPU
		{BBADB01B-D49C-4AFC-887D-3E7EF4E54476}.Debug|x86.Build.0 = Debug|Any CPU
		{BBADB01B-D49C-4AFC-887D-3E7EF4E54476}.Release|Any CPU.ActiveCfg = Release|Any CPU
		{BBADB01B-D49C-4AFC-887D-3E7EF4E54476}.Release|Any CPU.Build.0 = Release|Any CPU
		{BBADB01B-D49C-4AFC-887D-3E7EF4E54476}.Release|x64.ActiveCfg = Release|Any CPU
		{BBADB01B-D49C-4AFC-887D-3E7EF4E54476}.Release|x64.Build.0 = Release|Any CPU
		{BBADB01B-D49C-4AFC-887D-3E7EF4E54476}.Release|x86.ActiveCfg = Release|Any CPU
		{BBADB01B-D49C-4AFC-887D-3E7EF4E54476}.Release|x86.Build.0 = Release|Any CPU
		{0C2E6374-0675-4522-BA32-FCCD2704B3D0}.Debug|Any CPU.ActiveCfg = Debug|Any CPU
		{0C2E6374-0675-4522-BA32-FCCD2704B3D0}.Debug|Any CPU.Build.0 = Debug|Any CPU
		{0C2E6374-0675-4522-BA32-FCCD2704B3D0}.Debug|x64.ActiveCfg = Debug|Any CPU
		{0C2E6374-0675-4522-BA32-FCCD2704B3D0}.Debug|x64.Build.0 = Debug|Any CPU
		{0C2E6374-0675-4522-BA32-FCCD2704B3D0}.Debug|x86.ActiveCfg = Debug|Any CPU
		{0C2E6374-0675-4522-BA32-FCCD2704B3D0}.Debug|x86.Build.0 = Debug|Any CPU
		{0C2E6374-0675-4522-BA32-FCCD2704B3D0}.Release|Any CPU.ActiveCfg = Release|Any CPU
		{0C2E6374-0675-4522-BA32-FCCD2704B3D0}.Release|Any CPU.Build.0 = Release|Any CPU
		{0C2E6374-0675-4522-BA32-FCCD2704B3D0}.Release|x64.ActiveCfg = Release|Any CPU
		{0C2E6374-0675-4522-BA32-FCCD2704B3D0}.Release|x64.Build.0 = Release|Any CPU
		{0C2E6374-0675-4522-BA32-FCCD2704B3D0}.Release|x86.ActiveCfg = Release|Any CPU
		{0C2E6374-0675-4522-BA32-FCCD2704B3D0}.Release|x86.Build.0 = Release|Any CPU
		{953A6F43-2DED-4FC2-A227-B31BFD16CCD5}.Debug|Any CPU.ActiveCfg = Debug|Any CPU
		{953A6F43-2DED-4FC2-A227-B31BFD16CCD5}.Debug|Any CPU.Build.0 = Debug|Any CPU
		{953A6F43-2DED-4FC2-A227-B31BFD16CCD5}.Debug|x64.ActiveCfg = Debug|Any CPU
		{953A6F43-2DED-4FC2-A227-B31BFD16CCD5}.Debug|x64.Build.0 = Debug|Any CPU
		{953A6F43-2DED-4FC2-A227-B31BFD16CCD5}.Debug|x86.ActiveCfg = Debug|Any CPU
		{953A6F43-2DED-4FC2-A227-B31BFD16CCD5}.Debug|x86.Build.0 = Debug|Any CPU
		{953A6F43-2DED-4FC2-A227-B31BFD16CCD5}.Release|Any CPU.ActiveCfg = Release|Any CPU
		{953A6F43-2DED-4FC2-A227-B31BFD16CCD5}.Release|Any CPU.Build.0 = Release|Any CPU
		{953A6F43-2DED-4FC2-A227-B31BFD16CCD5}.Release|x64.ActiveCfg = Release|Any CPU
		{953A6F43-2DED-4FC2-A227-B31BFD16CCD5}.Release|x64.Build.0 = Release|Any CPU
		{953A6F43-2DED-4FC2-A227-B31BFD16CCD5}.Release|x86.ActiveCfg = Release|Any CPU
		{953A6F43-2DED-4FC2-A227-B31BFD16CCD5}.Release|x86.Build.0 = Release|Any CPU
		{90132AD4-BBB3-4435-9BDD-43FE0D185C9B}.Debug|Any CPU.ActiveCfg = Debug|Any CPU
		{90132AD4-BBB3-4435-9BDD-43FE0D185C9B}.Debug|Any CPU.Build.0 = Debug|Any CPU
		{90132AD4-BBB3-4435-9BDD-43FE0D185C9B}.Debug|x64.ActiveCfg = Debug|Any CPU
		{90132AD4-BBB3-4435-9BDD-43FE0D185C9B}.Debug|x64.Build.0 = Debug|Any CPU
		{90132AD4-BBB3-4435-9BDD-43FE0D185C9B}.Debug|x86.ActiveCfg = Debug|Any CPU
		{90132AD4-BBB3-4435-9BDD-43FE0D185C9B}.Debug|x86.Build.0 = Debug|Any CPU
		{90132AD4-BBB3-4435-9BDD-43FE0D185C9B}.Release|Any CPU.ActiveCfg = Release|Any CPU
		{90132AD4-BBB3-4435-9BDD-43FE0D185C9B}.Release|Any CPU.Build.0 = Release|Any CPU
		{90132AD4-BBB3-4435-9BDD-43FE0D185C9B}.Release|x64.ActiveCfg = Release|Any CPU
		{90132AD4-BBB3-4435-9BDD-43FE0D185C9B}.Release|x64.Build.0 = Release|Any CPU
		{90132AD4-BBB3-4435-9BDD-43FE0D185C9B}.Release|x86.ActiveCfg = Release|Any CPU
		{90132AD4-BBB3-4435-9BDD-43FE0D185C9B}.Release|x86.Build.0 = Release|Any CPU
		{901FEF97-C108-4111-A457-5F46ED117969}.Debug|Any CPU.ActiveCfg = Debug|Any CPU
		{901FEF97-C108-4111-A457-5F46ED117969}.Debug|Any CPU.Build.0 = Debug|Any CPU
		{901FEF97-C108-4111-A457-5F46ED117969}.Debug|x64.ActiveCfg = Debug|Any CPU
		{901FEF97-C108-4111-A457-5F46ED117969}.Debug|x64.Build.0 = Debug|Any CPU
		{901FEF97-C108-4111-A457-5F46ED117969}.Debug|x86.ActiveCfg = Debug|Any CPU
		{901FEF97-C108-4111-A457-5F46ED117969}.Debug|x86.Build.0 = Debug|Any CPU
		{901FEF97-C108-4111-A457-5F46ED117969}.Release|Any CPU.ActiveCfg = Release|Any CPU
		{901FEF97-C108-4111-A457-5F46ED117969}.Release|Any CPU.Build.0 = Release|Any CPU
		{901FEF97-C108-4111-A457-5F46ED117969}.Release|x64.ActiveCfg = Release|Any CPU
		{901FEF97-C108-4111-A457-5F46ED117969}.Release|x64.Build.0 = Release|Any CPU
		{901FEF97-C108-4111-A457-5F46ED117969}.Release|x86.ActiveCfg = Release|Any CPU
		{901FEF97-C108-4111-A457-5F46ED117969}.Release|x86.Build.0 = Release|Any CPU
		{517B1F9B-62AF-489A-8B74-DA50DD157BA3}.Debug|Any CPU.ActiveCfg = Debug|Any CPU
		{517B1F9B-62AF-489A-8B74-DA50DD157BA3}.Debug|Any CPU.Build.0 = Debug|Any CPU
		{517B1F9B-62AF-489A-8B74-DA50DD157BA3}.Debug|x64.ActiveCfg = Debug|Any CPU
		{517B1F9B-62AF-489A-8B74-DA50DD157BA3}.Debug|x64.Build.0 = Debug|Any CPU
		{517B1F9B-62AF-489A-8B74-DA50DD157BA3}.Debug|x86.ActiveCfg = Debug|Any CPU
		{517B1F9B-62AF-489A-8B74-DA50DD157BA3}.Debug|x86.Build.0 = Debug|Any CPU
		{517B1F9B-62AF-489A-8B74-DA50DD157BA3}.Release|Any CPU.ActiveCfg = Release|Any CPU
		{517B1F9B-62AF-489A-8B74-DA50DD157BA3}.Release|Any CPU.Build.0 = Release|Any CPU
		{517B1F9B-62AF-489A-8B74-DA50DD157BA3}.Release|x64.ActiveCfg = Release|Any CPU
		{517B1F9B-62AF-489A-8B74-DA50DD157BA3}.Release|x64.Build.0 = Release|Any CPU
		{517B1F9B-62AF-489A-8B74-DA50DD157BA3}.Release|x86.ActiveCfg = Release|Any CPU
		{517B1F9B-62AF-489A-8B74-DA50DD157BA3}.Release|x86.Build.0 = Release|Any CPU
	EndGlobalSection
	GlobalSection(SolutionProperties) = preSolution
		HideSolutionNode = FALSE
	EndGlobalSection
	GlobalSection(NestedProjects) = preSolution
		{BBADB01B-D49C-4AFC-887D-3E7EF4E54476} = {4F265677-6882-DD8A-52B2-C9B4EE0AB754}
		{0C2E6374-0675-4522-BA32-FCCD2704B3D0} = {4F265677-6882-DD8A-52B2-C9B4EE0AB754}
		{953A6F43-2DED-4FC2-A227-B31BFD16CCD5} = {4F265677-6882-DD8A-52B2-C9B4EE0AB754}
		{90132AD4-BBB3-4435-9BDD-43FE0D185C9B} = {4F265677-6882-DD8A-52B2-C9B4EE0AB754}
		{901FEF97-C108-4111-A457-5F46ED117969} = {4F265677-6882-DD8A-52B2-C9B4EE0AB754}
		{517B1F9B-62AF-489A-8B74-DA50DD157BA3} = {4F265677-6882-DD8A-52B2-C9B4EE0AB754}
	EndGlobalSection
EndGlobal
